
Microsoft Visual Studio Solution File, Format Version 12.00
# Visual Studio Version 16
VisualStudioVersion = 16.0.30011.22
MinimumVisualStudioVersion = 10.0.40219.1
Project("{FAE04EC0-301F-11D3-BF4B-00C04F79EFBC}") = "babelImage", "babelImage.csproj", "{9E8197C9-4121-4E6A-A2A5-8451D19870CD}"
EndProject
Global
	GlobalSection(SolutionConfigurationPlatforms) = preSolution
		Debug|Any CPU = Debug|Any CPU
		Release|Any CPU = Release|Any CPU
	EndGlobalSection
	GlobalSection(ProjectConfigurationPlatforms) = postSolution
		{9E8197C9-4121-4E6A-A2A5-8451D19870CD}.Debug|Any CPU.ActiveCfg = Debug|Any CPU
		{9E8197C9-4121-4E6A-A2A5-8451D19870CD}.Debug|Any CPU.Build.0 = Debug|Any CPU
		{9E8197C9-4121-4E6A-A2A5-8451D19870CD}.Release|Any CPU.ActiveCfg = Release|Any CPU
		{9E8197C9-4121-4E6A-A2A5-8451D19870CD}.Release|Any CPU.Build.0 = Release|Any CPU
	EndGlobalSection
	GlobalSection(SolutionProperties) = preSolution
		HideSolutionNode = FALSE
	EndGlobalSection
	GlobalSection(ExtensibilityGlobals) = postSolution
		SolutionGuid = {9996C966-5EA3-4D3A-BC18-8CD3F8CE1143}
	EndGlobalSection
EndGlobal
